
Microsoft Visual Studio Solution File, Format Version 12.00
# Visual Studio Version 16
VisualStudioVersion = 16.0.809.10
MinimumVisualStudioVersion = 10.0.40219.1
Project("{FAE04EC0-301F-11D3-BF4B-00C04F79EFBC}") = "CodingChallenge2", "CodingChallenge2\CodingChallenge2.csproj", "{44B0C316-890C-4DFC-84E4-3A8585665EBA}"
EndProject
Project("{FAE04EC0-301F-11D3-BF4B-00C04F79EFBC}") = "UnitTest", "UnitTest\UnitTest.csproj", "{D1B9F141-3B87-45A3-8CB8-F4A82F116016}"
EndProject
Global
	GlobalSection(SolutionConfigurationPlatforms) = preSolution
		Debug|Any CPU = Debug|Any CPU
		Release|Any CPU = Release|Any CPU
	EndGlobalSection
	GlobalSection(ProjectConfigurationPlatforms) = postSolution
		{44B0C316-890C-4DFC-84E4-3A8585665EBA}.Debug|Any CPU.ActiveCfg = Debug|Any CPU
		{44B0C316-890C-4DFC-84E4-3A8585665EBA}.Debug|Any CPU.Build.0 = Debug|Any CPU
		{44B0C316-890C-4DFC-84E4-3A8585665EBA}.Release|Any CPU.ActiveCfg = Release|Any CPU
		{44B0C316-890C-4DFC-84E4-3A8585665EBA}.Release|Any CPU.Build.0 = Release|Any CPU
		{D1B9F141-3B87-45A3-8CB8-F4A82F116016}.Debug|Any CPU.ActiveCfg = Debug|Any CPU
		{D1B9F141-3B87-45A3-8CB8-F4A82F116016}.Debug|Any CPU.Build.0 = Debug|Any CPU
		{D1B9F141-3B87-45A3-8CB8-F4A82F116016}.Release|Any CPU.ActiveCfg = Release|Any CPU
		{D1B9F141-3B87-45A3-8CB8-F4A82F116016}.Release|Any CPU.Build.0 = Release|Any CPU
	EndGlobalSection
	GlobalSection(SolutionProperties) = preSolution
		HideSolutionNode = FALSE
	EndGlobalSection
	GlobalSection(ExtensibilityGlobals) = postSolution
		SolutionGuid = {0D79368F-28F6-4E24-9C79-4509B9F15C0A}
	EndGlobalSection
EndGlobal
